// !$*UTF8*$!
{
	archiveVersion = 1;
	classes = {
	};
	objectVersion = 54;
	objects = {

/* Begin PBXBuildFile section */
		E10EFEFD28B3B2E300A0343D /* registerScoreView.swift in Sources */ = {isa = PBXBuildFile; fileRef = E10EFEFC28B3B2E300A0343D /* registerScoreView.swift */; };
		E112337E28AE826C00812C86 /* StartScreen.swift in Sources */ = {isa = PBXBuildFile; fileRef = E112337D28AE826C00812C86 /* StartScreen.swift */; };
		E112338228AE890A00812C86 /* HowToPlayView.swift in Sources */ = {isa = PBXBuildFile; fileRef = E112338128AE890A00812C86 /* HowToPlayView.swift */; };
		E13F281F28AB93E800458551 /* RouletteApp.swift in Sources */ = {isa = PBXBuildFile; fileRef = E13F281E28AB93E800458551 /* RouletteApp.swift */; };
		E13F282128AB93E800458551 /* ContentView.swift in Sources */ = {isa = PBXBuildFile; fileRef = E13F282028AB93E800458551 /* ContentView.swift */; };
		E13F282328AB93E900458551 /* Assets.xcassets in Resources */ = {isa = PBXBuildFile; fileRef = E13F282228AB93E900458551 /* Assets.xcassets */; };
		E13F282728AB93E900458551 /* Preview Assets.xcassets in Resources */ = {isa = PBXBuildFile; fileRef = E13F282628AB93E900458551 /* Preview Assets.xcassets */; };
		E13F283128AB93E900458551 /* RouletteTests.swift in Sources */ = {isa = PBXBuildFile; fileRef = E13F283028AB93E900458551 /* RouletteTests.swift */; };
		E13F283B28AB93E900458551 /* RouletteUITests.swift in Sources */ = {isa = PBXBuildFile; fileRef = E13F283A28AB93E900458551 /* RouletteUITests.swift */; };
		E13F283D28AB93E900458551 /* RouletteUITestsLaunchTests.swift in Sources */ = {isa = PBXBuildFile; fileRef = E13F283C28AB93E900458551 /* RouletteUITestsLaunchTests.swift */; };
		E159179628AE9906002D2B01 /* LeaderboardView.swift in Sources */ = {isa = PBXBuildFile; fileRef = E159179528AE9906002D2B01 /* LeaderboardView.swift */; };
		E159179828AE9980002D2B01 /* LeaderboardEntryView.swift in Sources */ = {isa = PBXBuildFile; fileRef = E159179728AE9980002D2B01 /* LeaderboardEntryView.swift */; };
		E15CE50528ACEC860066F8EB /* Test.swift in Sources */ = {isa = PBXBuildFile; fileRef = E15CE50428ACEC860066F8EB /* Test.swift */; };
		E15FB7FA28B7A965007B33D0 /* spin.wav in Resources */ = {isa = PBXBuildFile; fileRef = E15FB7F928B7A965007B33D0 /* spin.wav */; };
		E165E7ED28B291D100FAB11A /* LeaderboardEntry.swift in Sources */ = {isa = PBXBuildFile; fileRef = E165E7EC28B291D100FAB11A /* LeaderboardEntry.swift */; };
		E1A13DF228B0E56400F60F6D /* GameLogic.swift in Sources */ = {isa = PBXBuildFile; fileRef = E1A13DF128B0E56400F60F6D /* GameLogic.swift */; };
		E1B0917928ACB11A00EC258B /* Pocket.swift in Sources */ = {isa = PBXBuildFile; fileRef = E1B0917828ACB11A00EC258B /* Pocket.swift */; };
		E1B0917B28ACB7D700EC258B /* PocketBlockView.swift in Sources */ = {isa = PBXBuildFile; fileRef = E1B0917A28ACB7D700EC258B /* PocketBlockView.swift */; };
		E1B0917D28ACD94F00EC258B /* PocketLineView.swift in Sources */ = {isa = PBXBuildFile; fileRef = E1B0917C28ACD94F00EC258B /* PocketLineView.swift */; };
		E1B0917F28ACDCE000EC258B /* PocketSpinView.swift in Sources */ = {isa = PBXBuildFile; fileRef = E1B0917E28ACDCE000EC258B /* PocketSpinView.swift */; };
		E1E56AA428B646B700AB0143 /* lose.wav in Resources */ = {isa = PBXBuildFile; fileRef = E1E56AA228B646B700AB0143 /* lose.wav */; };
		E1E56AA528B646B700AB0143 /* win.wav in Resources */ = {isa = PBXBuildFile; fileRef = E1E56AA328B646B700AB0143 /* win.wav */; };
		E1E56AA828B6481100AB0143 /* final-lose.wav in Resources */ = {isa = PBXBuildFile; fileRef = E1E56AA628B6481100AB0143 /* final-lose.wav */; };
		E1E56AA928B6481100AB0143 /* final-win.wav in Resources */ = {isa = PBXBuildFile; fileRef = E1E56AA728B6481100AB0143 /* final-win.wav */; };
		E1E56AAD28B649E400AB0143 /* click.wav in Resources */ = {isa = PBXBuildFile; fileRef = E1E56AAC28B649E400AB0143 /* click.wav */; };
		E1ED13D428B50BDC00BEF866 /* BackgroundMusicPlayer.swift in Sources */ = {isa = PBXBuildFile; fileRef = E1ED13D328B50BDC00BEF866 /* BackgroundMusicPlayer.swift */; };
		E1ED13D628B50E4500BEF866 /* casino-jazz.mp3 in Resources */ = {isa = PBXBuildFile; fileRef = E1ED13D528B50E4400BEF866 /* casino-jazz.mp3 */; };
		E1ED13D828B510DA00BEF866 /* SFXPlayer.swift in Sources */ = {isa = PBXBuildFile; fileRef = E1ED13D728B510DA00BEF866 /* SFXPlayer.swift */; };
		E1ED13DC28B5130A00BEF866 /* lobby-time.mp3 in Resources */ = {isa = PBXBuildFile; fileRef = E1ED13D928B5130900BEF866 /* lobby-time.mp3 */; };
		E1ED13DD28B5130A00BEF866 /* street.mp3 in Resources */ = {isa = PBXBuildFile; fileRef = E1ED13DA28B5130900BEF866 /* street.mp3 */; };
		E1ED13DE28B5130A00BEF866 /* bossa.mp3 in Resources */ = {isa = PBXBuildFile; fileRef = E1ED13DB28B5130A00BEF866 /* bossa.mp3 */; };
		E1F2844728B10414001F20F0 /* TextExtension.swift in Sources */ = {isa = PBXBuildFile; fileRef = E1F2844628B10414001F20F0 /* TextExtension.swift */; };
		E1F2844928B104E1001F20F0 /* ButtonExtension.swift in Sources */ = {isa = PBXBuildFile; fileRef = E1F2844828B104E1001F20F0 /* ButtonExtension.swift */; };
/* End PBXBuildFile section */

/* Begin PBXContainerItemProxy section */
		E13F282D28AB93E900458551 /* PBXContainerItemProxy */ = {
			isa = PBXContainerItemProxy;
			containerPortal = E13F281328AB93E800458551 /* Project object */;
			proxyType = 1;
			remoteGlobalIDString = E13F281A28AB93E800458551;
			remoteInfo = Roulette;
		};
		E13F283728AB93E900458551 /* PBXContainerItemProxy */ = {
			isa = PBXContainerItemProxy;
			containerPortal = E13F281328AB93E800458551 /* Project object */;
			proxyType = 1;
			remoteGlobalIDString = E13F281A28AB93E800458551;
			remoteInfo = Roulette;
		};
/* End PBXContainerItemProxy section */

/* Begin PBXFileReference section */
		E10EFEFC28B3B2E300A0343D /* registerScoreView.swift */ = {isa = PBXFileReference; lastKnownFileType = sourcecode.swift; path = registerScoreView.swift; sourceTree = "<group>"; };
		E112337D28AE826C00812C86 /* StartScreen.swift */ = {isa = PBXFileReference; lastKnownFileType = sourcecode.swift; path = StartScreen.swift; sourceTree = "<group>"; };
		E112338128AE890A00812C86 /* HowToPlayView.swift */ = {isa = PBXFileReference; lastKnownFileType = sourcecode.swift; path = HowToPlayView.swift; sourceTree = "<group>"; };
		E13F281B28AB93E800458551 /* Roulette.app */ = {isa = PBXFileReference; explicitFileType = wrapper.application; includeInIndex = 0; path = Roulette.app; sourceTree = BUILT_PRODUCTS_DIR; };
		E13F281E28AB93E800458551 /* RouletteApp.swift */ = {isa = PBXFileReference; lastKnownFileType = sourcecode.swift; path = RouletteApp.swift; sourceTree = "<group>"; };
		E13F282028AB93E800458551 /* ContentView.swift */ = {isa = PBXFileReference; lastKnownFileType = sourcecode.swift; path = ContentView.swift; sourceTree = "<group>"; };
		E13F282228AB93E900458551 /* Assets.xcassets */ = {isa = PBXFileReference; lastKnownFileType = folder.assetcatalog; path = Assets.xcassets; sourceTree = "<group>"; };
		E13F282428AB93E900458551 /* Roulette.entitlements */ = {isa = PBXFileReference; lastKnownFileType = text.plist.entitlements; path = Roulette.entitlements; sourceTree = "<group>"; };
		E13F282628AB93E900458551 /* Preview Assets.xcassets */ = {isa = PBXFileReference; lastKnownFileType = folder.assetcatalog; path = "Preview Assets.xcassets"; sourceTree = "<group>"; };
		E13F282C28AB93E900458551 /* RouletteTests.xctest */ = {isa = PBXFileReference; explicitFileType = wrapper.cfbundle; includeInIndex = 0; path = RouletteTests.xctest; sourceTree = BUILT_PRODUCTS_DIR; };
		E13F283028AB93E900458551 /* RouletteTests.swift */ = {isa = PBXFileReference; lastKnownFileType = sourcecode.swift; path = RouletteTests.swift; sourceTree = "<group>"; };
		E13F283628AB93E900458551 /* RouletteUITests.xctest */ = {isa = PBXFileReference; explicitFileType = wrapper.cfbundle; includeInIndex = 0; path = RouletteUITests.xctest; sourceTree = BUILT_PRODUCTS_DIR; };
		E13F283A28AB93E900458551 /* RouletteUITests.swift */ = {isa = PBXFileReference; lastKnownFileType = sourcecode.swift; path = RouletteUITests.swift; sourceTree = "<group>"; };
		E13F283C28AB93E900458551 /* RouletteUITestsLaunchTests.swift */ = {isa = PBXFileReference; lastKnownFileType = sourcecode.swift; path = RouletteUITestsLaunchTests.swift; sourceTree = "<group>"; };
		E159179528AE9906002D2B01 /* LeaderboardView.swift */ = {isa = PBXFileReference; lastKnownFileType = sourcecode.swift; path = LeaderboardView.swift; sourceTree = "<group>"; };
		E159179728AE9980002D2B01 /* LeaderboardEntryView.swift */ = {isa = PBXFileReference; lastKnownFileType = sourcecode.swift; path = LeaderboardEntryView.swift; sourceTree = "<group>"; };
		E15CE50428ACEC860066F8EB /* Test.swift */ = {isa = PBXFileReference; lastKnownFileType = sourcecode.swift; path = Test.swift; sourceTree = "<group>"; };
		E15FB7F928B7A965007B33D0 /* spin.wav */ = {isa = PBXFileReference; lastKnownFileType = audio.wav; path = spin.wav; sourceTree = "<group>"; };
		E165E7EC28B291D100FAB11A /* LeaderboardEntry.swift */ = {isa = PBXFileReference; lastKnownFileType = sourcecode.swift; path = LeaderboardEntry.swift; sourceTree = "<group>"; };
		E1A13DF128B0E56400F60F6D /* GameLogic.swift */ = {isa = PBXFileReference; lastKnownFileType = sourcecode.swift; path = GameLogic.swift; sourceTree = "<group>"; };
		E1B0917828ACB11A00EC258B /* Pocket.swift */ = {isa = PBXFileReference; lastKnownFileType = sourcecode.swift; path = Pocket.swift; sourceTree = "<group>"; };
		E1B0917A28ACB7D700EC258B /* PocketBlockView.swift */ = {isa = PBXFileReference; lastKnownFileType = sourcecode.swift; path = PocketBlockView.swift; sourceTree = "<group>"; };
		E1B0917C28ACD94F00EC258B /* PocketLineView.swift */ = {isa = PBXFileReference; lastKnownFileType = sourcecode.swift; path = PocketLineView.swift; sourceTree = "<group>"; };
		E1B0917E28ACDCE000EC258B /* PocketSpinView.swift */ = {isa = PBXFileReference; lastKnownFileType = sourcecode.swift; path = PocketSpinView.swift; sourceTree = "<group>"; };
		E1E56AA228B646B700AB0143 /* lose.wav */ = {isa = PBXFileReference; lastKnownFileType = audio.wav; path = lose.wav; sourceTree = "<group>"; };
		E1E56AA328B646B700AB0143 /* win.wav */ = {isa = PBXFileReference; lastKnownFileType = audio.wav; path = win.wav; sourceTree = "<group>"; };
		E1E56AA628B6481100AB0143 /* final-lose.wav */ = {isa = PBXFileReference; lastKnownFileType = audio.wav; path = "final-lose.wav"; sourceTree = "<group>"; };
		E1E56AA728B6481100AB0143 /* final-win.wav */ = {isa = PBXFileReference; lastKnownFileType = audio.wav; path = "final-win.wav"; sourceTree = "<group>"; };
		E1E56AAC28B649E400AB0143 /* click.wav */ = {isa = PBXFileReference; lastKnownFileType = audio.wav; path = click.wav; sourceTree = "<group>"; };
		E1ED13D328B50BDC00BEF866 /* BackgroundMusicPlayer.swift */ = {isa = PBXFileReference; lastKnownFileType = sourcecode.swift; path = BackgroundMusicPlayer.swift; sourceTree = "<group>"; };
		E1ED13D528B50E4400BEF866 /* casino-jazz.mp3 */ = {isa = PBXFileReference; lastKnownFileType = audio.mp3; path = "casino-jazz.mp3"; sourceTree = "<group>"; };
		E1ED13D728B510DA00BEF866 /* SFXPlayer.swift */ = {isa = PBXFileReference; lastKnownFileType = sourcecode.swift; path = SFXPlayer.swift; sourceTree = "<group>"; };
		E1ED13D928B5130900BEF866 /* lobby-time.mp3 */ = {isa = PBXFileReference; lastKnownFileType = audio.mp3; path = "lobby-time.mp3"; sourceTree = "<group>"; };
		E1ED13DA28B5130900BEF866 /* street.mp3 */ = {isa = PBXFileReference; lastKnownFileType = audio.mp3; path = street.mp3; sourceTree = "<group>"; };
		E1ED13DB28B5130A00BEF866 /* bossa.mp3 */ = {isa = PBXFileReference; lastKnownFileType = audio.mp3; path = bossa.mp3; sourceTree = "<group>"; };
		E1F2844628B10414001F20F0 /* TextExtension.swift */ = {isa = PBXFileReference; lastKnownFileType = sourcecode.swift; path = TextExtension.swift; sourceTree = "<group>"; };
		E1F2844828B104E1001F20F0 /* ButtonExtension.swift */ = {isa = PBXFileReference; lastKnownFileType = sourcecode.swift; path = ButtonExtension.swift; sourceTree = "<group>"; };
/* End PBXFileReference section */

/* Begin PBXFrameworksBuildPhase section */
		E13F281828AB93E800458551 /* Frameworks */ = {
			isa = PBXFrameworksBuildPhase;
			buildActionMask = 2147483647;
			files = (
			);
			runOnlyForDeploymentPostprocessing = 0;
		};
		E13F282928AB93E900458551 /* Frameworks */ = {
			isa = PBXFrameworksBuildPhase;
			buildActionMask = 2147483647;
			files = (
			);
			runOnlyForDeploymentPostprocessing = 0;
		};
		E13F283328AB93E900458551 /* Frameworks */ = {
			isa = PBXFrameworksBuildPhase;
			buildActionMask = 2147483647;
			files = (
			);
			runOnlyForDeploymentPostprocessing = 0;
		};
/* End PBXFrameworksBuildPhase section */

/* Begin PBXGroup section */
		E13F281228AB93E800458551 = {
			isa = PBXGroup;
			children = (
				E13F281D28AB93E800458551 /* Roulette */,
				E13F282F28AB93E900458551 /* RouletteTests */,
				E13F283928AB93E900458551 /* RouletteUITests */,
				E13F281C28AB93E800458551 /* Products */,
			);
			sourceTree = "<group>";
		};
		E13F281C28AB93E800458551 /* Products */ = {
			isa = PBXGroup;
			children = (
				E13F281B28AB93E800458551 /* Roulette.app */,
				E13F282C28AB93E900458551 /* RouletteTests.xctest */,
				E13F283628AB93E900458551 /* RouletteUITests.xctest */,
			);
			name = Products;
			sourceTree = "<group>";
		};
		E13F281D28AB93E800458551 /* Roulette */ = {
			isa = PBXGroup;
			children = (
				E1ED13D028B50AE500BEF866 /* Audio */,
				E1B0917728ACB0C800EC258B /* Models */,
				E13F284B28AB9A4900458551 /* Extensions */,
				E13F284928AB954200458551 /* Views */,
				E13F281E28AB93E800458551 /* RouletteApp.swift */,
				E15CE50428ACEC860066F8EB /* Test.swift */,
				E13F282028AB93E800458551 /* ContentView.swift */,
				E13F282228AB93E900458551 /* Assets.xcassets */,
				E13F282428AB93E900458551 /* Roulette.entitlements */,
				E13F282528AB93E900458551 /* Preview Content */,
			);
			path = Roulette;
			sourceTree = "<group>";
		};
		E13F282528AB93E900458551 /* Preview Content */ = {
			isa = PBXGroup;
			children = (
				E13F282628AB93E900458551 /* Preview Assets.xcassets */,
			);
			path = "Preview Content";
			sourceTree = "<group>";
		};
		E13F282F28AB93E900458551 /* RouletteTests */ = {
			isa = PBXGroup;
			children = (
				E13F283028AB93E900458551 /* RouletteTests.swift */,
			);
			path = RouletteTests;
			sourceTree = "<group>";
		};
		E13F283928AB93E900458551 /* RouletteUITests */ = {
			isa = PBXGroup;
			children = (
				E13F283A28AB93E900458551 /* RouletteUITests.swift */,
				E13F283C28AB93E900458551 /* RouletteUITestsLaunchTests.swift */,
			);
			path = RouletteUITests;
			sourceTree = "<group>";
		};
		E13F284928AB954200458551 /* Views */ = {
			isa = PBXGroup;
			children = (
				E159179728AE9980002D2B01 /* LeaderboardEntryView.swift */,
				E159179528AE9906002D2B01 /* LeaderboardView.swift */,
				E1B0917A28ACB7D700EC258B /* PocketBlockView.swift */,
				E1B0917C28ACD94F00EC258B /* PocketLineView.swift */,
				E1B0917E28ACDCE000EC258B /* PocketSpinView.swift */,
				E1A13DF128B0E56400F60F6D /* GameLogic.swift */,
				E10EFEFC28B3B2E300A0343D /* registerScoreView.swift */,
				E112337D28AE826C00812C86 /* StartScreen.swift */,
				E112338128AE890A00812C86 /* HowToPlayView.swift */,
			);
			path = Views;
			sourceTree = "<group>";
		};
		E13F284B28AB9A4900458551 /* Extensions */ = {
			isa = PBXGroup;
			children = (
				E1F2844628B10414001F20F0 /* TextExtension.swift */,
				E1F2844828B104E1001F20F0 /* ButtonExtension.swift */,
				E1ED13D328B50BDC00BEF866 /* BackgroundMusicPlayer.swift */,
				E1ED13D728B510DA00BEF866 /* SFXPlayer.swift */,
			);
			path = Extensions;
			sourceTree = "<group>";
		};
		E1B0917728ACB0C800EC258B /* Models */ = {
			isa = PBXGroup;
			children = (
				E1B0917828ACB11A00EC258B /* Pocket.swift */,
				E165E7EC28B291D100FAB11A /* LeaderboardEntry.swift */,
			);
			path = Models;
			sourceTree = "<group>";
		};
		E1ED13D028B50AE500BEF866 /* Audio */ = {
			isa = PBXGroup;
			children = (
				E1E56AA628B6481100AB0143 /* final-lose.wav */,
				E1E56AA728B6481100AB0143 /* final-win.wav */,
				E1E56AAC28B649E400AB0143 /* click.wav */,
				E1E56AA228B646B700AB0143 /* lose.wav */,
				E1E56AA328B646B700AB0143 /* win.wav */,
				E1ED13DB28B5130A00BEF866 /* bossa.mp3 */,
				E15FB7F928B7A965007B33D0 /* spin.wav */,
				E1ED13D928B5130900BEF866 /* lobby-time.mp3 */,
				E1ED13DA28B5130900BEF866 /* street.mp3 */,
				E1ED13D528B50E4400BEF866 /* casino-jazz.mp3 */,
			);
			path = Audio;
			sourceTree = "<group>";
		};
/* End PBXGroup section */

/* Begin PBXNativeTarget section */
		E13F281A28AB93E800458551 /* Roulette */ = {
			isa = PBXNativeTarget;
			buildConfigurationList = E13F284028AB93E900458551 /* Build configuration list for PBXNativeTarget "Roulette" */;
			buildPhases = (
				E13F281728AB93E800458551 /* Sources */,
				E13F281828AB93E800458551 /* Frameworks */,
				E13F281928AB93E800458551 /* Resources */,
			);
			buildRules = (
			);
			dependencies = (
			);
			name = Roulette;
			productName = Roulette;
			productReference = E13F281B28AB93E800458551 /* Roulette.app */;
			productType = "com.apple.product-type.application";
		};
		E13F282B28AB93E900458551 /* RouletteTests */ = {
			isa = PBXNativeTarget;
			buildConfigurationList = E13F284328AB93E900458551 /* Build configuration list for PBXNativeTarget "RouletteTests" */;
			buildPhases = (
				E13F282828AB93E900458551 /* Sources */,
				E13F282928AB93E900458551 /* Frameworks */,
				E13F282A28AB93E900458551 /* Resources */,
			);
			buildRules = (
			);
			dependencies = (
				E13F282E28AB93E900458551 /* PBXTargetDependency */,
			);
			name = RouletteTests;
			productName = RouletteTests;
			productReference = E13F282C28AB93E900458551 /* RouletteTests.xctest */;
			productType = "com.apple.product-type.bundle.unit-test";
		};
		E13F283528AB93E900458551 /* RouletteUITests */ = {
			isa = PBXNativeTarget;
			buildConfigurationList = E13F284628AB93E900458551 /* Build configuration list for PBXNativeTarget "RouletteUITests" */;
			buildPhases = (
				E13F283228AB93E900458551 /* Sources */,
				E13F283328AB93E900458551 /* Frameworks */,
				E13F283428AB93E900458551 /* Resources */,
			);
			buildRules = (
			);
			dependencies = (
				E13F283828AB93E900458551 /* PBXTargetDependency */,
			);
			name = RouletteUITests;
			productName = RouletteUITests;
			productReference = E13F283628AB93E900458551 /* RouletteUITests.xctest */;
			productType = "com.apple.product-type.bundle.ui-testing";
		};
/* End PBXNativeTarget section */

/* Begin PBXProject section */
		E13F281328AB93E800458551 /* Project object */ = {
			isa = PBXProject;
			attributes = {
				BuildIndependentTargetsInParallel = 1;
				LastSwiftUpdateCheck = 1400;
				LastUpgradeCheck = 1400;
				TargetAttributes = {
					E13F281A28AB93E800458551 = {
						CreatedOnToolsVersion = 14.0;
					};
					E13F282B28AB93E900458551 = {
						CreatedOnToolsVersion = 14.0;
						TestTargetID = E13F281A28AB93E800458551;
					};
					E13F283528AB93E900458551 = {
						CreatedOnToolsVersion = 14.0;
						TestTargetID = E13F281A28AB93E800458551;
					};
				};
			};
			buildConfigurationList = E13F281628AB93E800458551 /* Build configuration list for PBXProject "Roulette" */;
			compatibilityVersion = "Xcode 12.0";
			developmentRegion = en;
			hasScannedForEncodings = 0;
			knownRegions = (
				en,
				Base,
			);
			mainGroup = E13F281228AB93E800458551;
			productRefGroup = E13F281C28AB93E800458551 /* Products */;
			projectDirPath = "";
			projectRoot = "";
			targets = (
				E13F281A28AB93E800458551 /* Roulette */,
				E13F282B28AB93E900458551 /* RouletteTests */,
				E13F283528AB93E900458551 /* RouletteUITests */,
			);
		};
/* End PBXProject section */

/* Begin PBXResourcesBuildPhase section */
		E13F281928AB93E800458551 /* Resources */ = {
			isa = PBXResourcesBuildPhase;
			buildActionMask = 2147483647;
			files = (
				E1E56AA928B6481100AB0143 /* final-win.wav in Resources */,
				E1ED13DC28B5130A00BEF866 /* lobby-time.mp3 in Resources */,
				E13F282728AB93E900458551 /* Preview Assets.xcassets in Resources */,
				E1E56AAD28B649E400AB0143 /* click.wav in Resources */,
				E1ED13D628B50E4500BEF866 /* casino-jazz.mp3 in Resources */,
				E1E56AA828B6481100AB0143 /* final-lose.wav in Resources */,
				E15FB7FA28B7A965007B33D0 /* spin.wav in Resources */,
				E1ED13DD28B5130A00BEF866 /* street.mp3 in Resources */,
				E13F282328AB93E900458551 /* Assets.xcassets in Resources */,
				E1E56AA528B646B700AB0143 /* win.wav in Resources */,
				E1ED13DE28B5130A00BEF866 /* bossa.mp3 in Resources */,
				E1E56AA428B646B700AB0143 /* lose.wav in Resources */,
			);
			runOnlyForDeploymentPostprocessing = 0;
		};
		E13F282A28AB93E900458551 /* Resources */ = {
			isa = PBXResourcesBuildPhase;
			buildActionMask = 2147483647;
			files = (
			);
			runOnlyForDeploymentPostprocessing = 0;
		};
		E13F283428AB93E900458551 /* Resources */ = {
			isa = PBXResourcesBuildPhase;
			buildActionMask = 2147483647;
			files = (
			);
			runOnlyForDeploymentPostprocessing = 0;
		};
/* End PBXResourcesBuildPhase section */

/* Begin PBXSourcesBuildPhase section */
		E13F281728AB93E800458551 /* Sources */ = {
			isa = PBXSourcesBuildPhase;
			buildActionMask = 2147483647;
			files = (
				E1ED13D828B510DA00BEF866 /* SFXPlayer.swift in Sources */,
				E159179628AE9906002D2B01 /* LeaderboardView.swift in Sources */,
				E13F282128AB93E800458551 /* ContentView.swift in Sources */,
				E1B0917928ACB11A00EC258B /* Pocket.swift in Sources */,
				E1B0917F28ACDCE000EC258B /* PocketSpinView.swift in Sources */,
				E1ED13D428B50BDC00BEF866 /* BackgroundMusicPlayer.swift in Sources */,
				E1B0917D28ACD94F00EC258B /* PocketLineView.swift in Sources */,
				E112337E28AE826C00812C86 /* StartScreen.swift in Sources */,
				E1A13DF228B0E56400F60F6D /* GameLogic.swift in Sources */,
				E165E7ED28B291D100FAB11A /* LeaderboardEntry.swift in Sources */,
				E1B0917B28ACB7D700EC258B /* PocketBlockView.swift in Sources */,
				E112338228AE890A00812C86 /* HowToPlayView.swift in Sources */,
				E10EFEFD28B3B2E300A0343D /* registerScoreView.swift in Sources */,
				E15CE50528ACEC860066F8EB /* Test.swift in Sources */,
				E13F281F28AB93E800458551 /* RouletteApp.swift in Sources */,
				E159179828AE9980002D2B01 /* LeaderboardEntryView.swift in Sources */,
				E1F2844928B104E1001F20F0 /* ButtonExtension.swift in Sources */,
				E1F2844728B10414001F20F0 /* TextExtension.swift in Sources */,
			);
			runOnlyForDeploymentPostprocessing = 0;
		};
		E13F282828AB93E900458551 /* Sources */ = {
			isa = PBXSourcesBuildPhase;
			buildActionMask = 2147483647;
			files = (
				E13F283128AB93E900458551 /* RouletteTests.swift in Sources */,
			);
			runOnlyForDeploymentPostprocessing = 0;
		};
		E13F283228AB93E900458551 /* Sources */ = {
			isa = PBXSourcesBuildPhase;
			buildActionMask = 2147483647;
			files = (
				E13F283D28AB93E900458551 /* RouletteUITestsLaunchTests.swift in Sources */,
				E13F283B28AB93E900458551 /* RouletteUITests.swift in Sources */,
			);
			runOnlyForDeploymentPostprocessing = 0;
		};
/* End PBXSourcesBuildPhase section */

/* Begin PBXTargetDependency section */
		E13F282E28AB93E900458551 /* PBXTargetDependency */ = {
			isa = PBXTargetDependency;
			target = E13F281A28AB93E800458551 /* Roulette */;
			targetProxy = E13F282D28AB93E900458551 /* PBXContainerItemProxy */;
		};
		E13F283828AB93E900458551 /* PBXTargetDependency */ = {
			isa = PBXTargetDependency;
			target = E13F281A28AB93E800458551 /* Roulette */;
			targetProxy = E13F283728AB93E900458551 /* PBXContainerItemProxy */;
		};
/* End PBXTargetDependency section */

/* Begin XCBuildConfiguration section */
		E13F283E28AB93E900458551 /* Debug */ = {
			isa = XCBuildConfiguration;
			buildSettings = {
				ALWAYS_SEARCH_USER_PATHS = NO;
				CLANG_ANALYZER_NONNULL = YES;
				CLANG_ANALYZER_NUMBER_OBJECT_CONVERSION = YES_AGGRESSIVE;
				CLANG_CXX_LANGUAGE_STANDARD = "gnu++20";
				CLANG_ENABLE_MODULES = YES;
				CLANG_ENABLE_OBJC_ARC = YES;
				CLANG_ENABLE_OBJC_WEAK = YES;
				CLANG_WARN_BLOCK_CAPTURE_AUTORELEASING = YES;
				CLANG_WARN_BOOL_CONVERSION = YES;
				CLANG_WARN_COMMA = YES;
				CLANG_WARN_CONSTANT_CONVERSION = YES;
				CLANG_WARN_DEPRECATED_OBJC_IMPLEMENTATIONS = YES;
				CLANG_WARN_DIRECT_OBJC_ISA_USAGE = YES_ERROR;
				CLANG_WARN_DOCUMENTATION_COMMENTS = YES;
				CLANG_WARN_EMPTY_BODY = YES;
				CLANG_WARN_ENUM_CONVERSION = YES;
				CLANG_WARN_INFINITE_RECURSION = YES;
				CLANG_WARN_INT_CONVERSION = YES;
				CLANG_WARN_NON_LITERAL_NULL_CONVERSION = YES;
				CLANG_WARN_OBJC_IMPLICIT_RETAIN_SELF = YES;
				CLANG_WARN_OBJC_LITERAL_CONVERSION = YES;
				CLANG_WARN_OBJC_ROOT_CLASS = YES_ERROR;
				CLANG_WARN_QUOTED_INCLUDE_IN_FRAMEWORK_HEADER = YES;
				CLANG_WARN_RANGE_LOOP_ANALYSIS = YES;
				CLANG_WARN_STRICT_PROTOTYPES = YES;
				CLANG_WARN_SUSPICIOUS_MOVE = YES;
				CLANG_WARN_UNGUARDED_AVAILABILITY = YES_AGGRESSIVE;
				CLANG_WARN_UNREACHABLE_CODE = YES;
				CLANG_WARN__DUPLICATE_METHOD_MATCH = YES;
				COPY_PHASE_STRIP = NO;
				DEBUG_INFORMATION_FORMAT = dwarf;
				ENABLE_STRICT_OBJC_MSGSEND = YES;
				ENABLE_TESTABILITY = YES;
				GCC_C_LANGUAGE_STANDARD = gnu11;
				GCC_DYNAMIC_NO_PIC = NO;
				GCC_NO_COMMON_BLOCKS = YES;
				GCC_OPTIMIZATION_LEVEL = 0;
				GCC_PREPROCESSOR_DEFINITIONS = (
					"DEBUG=1",
					"$(inherited)",
				);
				GCC_WARN_64_TO_32_BIT_CONVERSION = YES;
				GCC_WARN_ABOUT_RETURN_TYPE = YES_ERROR;
				GCC_WARN_UNDECLARED_SELECTOR = YES;
				GCC_WARN_UNINITIALIZED_AUTOS = YES_AGGRESSIVE;
				GCC_WARN_UNUSED_FUNCTION = YES;
				GCC_WARN_UNUSED_VARIABLE = YES;
				MTL_ENABLE_DEBUG_INFO = INCLUDE_SOURCE;
				MTL_FAST_MATH = YES;
				ONLY_ACTIVE_ARCH = YES;
				SWIFT_ACTIVE_COMPILATION_CONDITIONS = DEBUG;
				SWIFT_OPTIMIZATION_LEVEL = "-Onone";
			};
			name = Debug;
		};
		E13F283F28AB93E900458551 /* Release */ = {
			isa = XCBuildConfiguration;
			buildSettings = {
				ALWAYS_SEARCH_USER_PATHS = NO;
				CLANG_ANALYZER_NONNULL = YES;
				CLANG_ANALYZER_NUMBER_OBJECT_CONVERSION = YES_AGGRESSIVE;
				CLANG_CXX_LANGUAGE_STANDARD = "gnu++20";
				CLANG_ENABLE_MODULES = YES;
				CLANG_ENABLE_OBJC_ARC = YES;
				CLANG_ENABLE_OBJC_WEAK = YES;
				CLANG_WARN_BLOCK_CAPTURE_AUTORELEASING = YES;
				CLANG_WARN_BOOL_CONVERSION = YES;
				CLANG_WARN_COMMA = YES;
				CLANG_WARN_CONSTANT_CONVERSION = YES;
				CLANG_WARN_DEPRECATED_OBJC_IMPLEMENTATIONS = YES;
				CLANG_WARN_DIRECT_OBJC_ISA_USAGE = YES_ERROR;
				CLANG_WARN_DOCUMENTATION_COMMENTS = YES;
				CLANG_WARN_EMPTY_BODY = YES;
				CLANG_WARN_ENUM_CONVERSION = YES;
				CLANG_WARN_INFINITE_RECURSION = YES;
				CLANG_WARN_INT_CONVERSION = YES;
				CLANG_WARN_NON_LITERAL_NULL_CONVERSION = YES;
				CLANG_WARN_OBJC_IMPLICIT_RETAIN_SELF = YES;
				CLANG_WARN_OBJC_LITERAL_CONVERSION = YES;
				CLANG_WARN_OBJC_ROOT_CLASS = YES_ERROR;
				CLANG_WARN_QUOTED_INCLUDE_IN_FRAMEWORK_HEADER = YES;
				CLANG_WARN_RANGE_LOOP_ANALYSIS = YES;
				CLANG_WARN_STRICT_PROTOTYPES = YES;
				CLANG_WARN_SUSPICIOUS_MOVE = YES;
				CLANG_WARN_UNGUARDED_AVAILABILITY = YES_AGGRESSIVE;
				CLANG_WARN_UNREACHABLE_CODE = YES;
				CLANG_WARN__DUPLICATE_METHOD_MATCH = YES;
				COPY_PHASE_STRIP = NO;
				DEBUG_INFORMATION_FORMAT = "dwarf-with-dsym";
				ENABLE_NS_ASSERTIONS = NO;
				ENABLE_STRICT_OBJC_MSGSEND = YES;
				GCC_C_LANGUAGE_STANDARD = gnu11;
				GCC_NO_COMMON_BLOCKS = YES;
				GCC_WARN_64_TO_32_BIT_CONVERSION = YES;
				GCC_WARN_ABOUT_RETURN_TYPE = YES_ERROR;
				GCC_WARN_UNDECLARED_SELECTOR = YES;
				GCC_WARN_UNINITIALIZED_AUTOS = YES_AGGRESSIVE;
				GCC_WARN_UNUSED_FUNCTION = YES;
				GCC_WARN_UNUSED_VARIABLE = YES;
				MTL_ENABLE_DEBUG_INFO = NO;
				MTL_FAST_MATH = YES;
				SWIFT_COMPILATION_MODE = wholemodule;
				SWIFT_OPTIMIZATION_LEVEL = "-O";
			};
			name = Release;
		};
		E13F284128AB93E900458551 /* Debug */ = {
			isa = XCBuildConfiguration;
			buildSettings = {
				ASSETCATALOG_COMPILER_APPICON_NAME = AppIcon;
				ASSETCATALOG_COMPILER_GLOBAL_ACCENT_COLOR_NAME = AccentColor;
				CODE_SIGN_ENTITLEMENTS = Roulette/Roulette.entitlements;
				CODE_SIGN_STYLE = Automatic;
				CURRENT_PROJECT_VERSION = 1;
				DEVELOPMENT_ASSET_PATHS = "\"Roulette/Preview Content\"";
				DEVELOPMENT_TEAM = K7324G9NE6;
				ENABLE_HARDENED_RUNTIME = YES;
				ENABLE_PREVIEWS = YES;
				GENERATE_INFOPLIST_FILE = YES;
				"INFOPLIST_KEY_UIApplicationSceneManifest_Generation[sdk=iphoneos*]" = YES;
				"INFOPLIST_KEY_UIApplicationSceneManifest_Generation[sdk=iphonesimulator*]" = YES;
				"INFOPLIST_KEY_UIApplicationSupportsIndirectInputEvents[sdk=iphoneos*]" = YES;
				"INFOPLIST_KEY_UIApplicationSupportsIndirectInputEvents[sdk=iphonesimulator*]" = YES;
				"INFOPLIST_KEY_UILaunchScreen_Generation[sdk=iphoneos*]" = YES;
				"INFOPLIST_KEY_UILaunchScreen_Generation[sdk=iphonesimulator*]" = YES;
				"INFOPLIST_KEY_UIStatusBarStyle[sdk=iphoneos*]" = UIStatusBarStyleDefault;
				"INFOPLIST_KEY_UIStatusBarStyle[sdk=iphonesimulator*]" = UIStatusBarStyleDefault;
				INFOPLIST_KEY_UISupportedInterfaceOrientations_iPad = "UIInterfaceOrientationPortrait UIInterfaceOrientationPortraitUpsideDown UIInterfaceOrientationLandscapeLeft UIInterfaceOrientationLandscapeRight";
				INFOPLIST_KEY_UISupportedInterfaceOrientations_iPhone = "UIInterfaceOrientationPortrait UIInterfaceOrientationLandscapeLeft UIInterfaceOrientationLandscapeRight";
				IPHONEOS_DEPLOYMENT_TARGET = 16.0;
				"IPHONEOS_DEPLOYMENT_TARGET[sdk=iphoneos*]" = 15.0;
				LD_RUNPATH_SEARCH_PATHS = "@executable_path/Frameworks";
				"LD_RUNPATH_SEARCH_PATHS[sdk=macosx*]" = "@executable_path/../Frameworks";
				MACOSX_DEPLOYMENT_TARGET = 13.0;
				MARKETING_VERSION = 1.0;
				PRODUCT_BUNDLE_IDENTIFIER = com.quando.rmit.Roulette;
				PRODUCT_NAME = "$(TARGET_NAME)";
				SDKROOT = auto;
				SUPPORTED_PLATFORMS = "iphoneos iphonesimulator";
				SUPPORTS_MACCATALYST = YES;
				SUPPORTS_MAC_DESIGNED_FOR_IPHONE_IPAD = NO;
				SWIFT_EMIT_LOC_STRINGS = YES;
				SWIFT_VERSION = 5.0;
				TARGETED_DEVICE_FAMILY = "1,2";
			};
			name = Debug;
		};
		E13F284228AB93E900458551 /* Release */ = {
			isa = XCBuildConfiguration;
			buildSettings = {
				ASSETCATALOG_COMPILER_APPICON_NAME = AppIcon;
				ASSETCATALOG_COMPILER_GLOBAL_ACCENT_COLOR_NAME = AccentColor;
				CODE_SIGN_ENTITLEMENTS = Roulette/Roulette.entitlements;
				CODE_SIGN_STYLE = Automatic;
				CURRENT_PROJECT_VERSION = 1;
				DEVELOPMENT_ASSET_PATHS = "\"Roulette/Preview Content\"";
				DEVELOPMENT_TEAM = K7324G9NE6;
				ENABLE_HARDENED_RUNTIME = YES;
				ENABLE_PREVIEWS = YES;
				GENERATE_INFOPLIST_FILE = YES;
				"INFOPLIST_KEY_UIApplicationSceneManifest_Generation[sdk=iphoneos*]" = YES;
				"INFOPLIST_KEY_UIApplicationSceneManifest_Generation[sdk=iphonesimulator*]" = YES;
				"INFOPLIST_KEY_UIApplicationSupportsIndirectInputEvents[sdk=iphoneos*]" = YES;
				"INFOPLIST_KEY_UIApplicationSupportsIndirectInputEvents[sdk=iphonesimulator*]" = YES;
				"INFOPLIST_KEY_UILaunchScreen_Generation[sdk=iphoneos*]" = YES;
				"INFOPLIST_KEY_UILaunchScreen_Generation[sdk=iphonesimulator*]" = YES;
				"INFOPLIST_KEY_UIStatusBarStyle[sdk=iphoneos*]" = UIStatusBarStyleDefault;
				"INFOPLIST_KEY_UIStatusBarStyle[sdk=iphonesimulator*]" = UIStatusBarStyleDefault;
				INFOPLIST_KEY_UISupportedInterfaceOrientations_iPad = "UIInterfaceOrientationPortrait UIInterfaceOrientationPortraitUpsideDown UIInterfaceOrientationLandscapeLeft UIInterfaceOrientationLandscapeRight";
				INFOPLIST_KEY_UISupportedInterfaceOrientations_iPhone = "UIInterfaceOrientationPortrait UIInterfaceOrientationLandscapeLeft UIInterfaceOrientationLandscapeRight";
				IPHONEOS_DEPLOYMENT_TARGET = 16.0;
				"IPHONEOS_DEPLOYMENT_TARGET[sdk=iphoneos*]" = 15.0;
				LD_RUNPATH_SEARCH_PATHS = "@executable_path/Frameworks";
				"LD_RUNPATH_SEARCH_PATHS[sdk=macosx*]" = "@executable_path/../Frameworks";
				MACOSX_DEPLOYMENT_TARGET = 13.0;
				MARKETING_VERSION = 1.0;
				PRODUCT_BUNDLE_IDENTIFIER = com.quando.rmit.Roulette;
				PRODUCT_NAME = "$(TARGET_NAME)";
				SDKROOT = auto;
				SUPPORTED_PLATFORMS = "iphoneos iphonesimulator";
				SUPPORTS_MACCATALYST = YES;
				SUPPORTS_MAC_DESIGNED_FOR_IPHONE_IPAD = NO;
				SWIFT_EMIT_LOC_STRINGS = YES;
				SWIFT_VERSION = 5.0;
				TARGETED_DEVICE_FAMILY = "1,2";
			};
			name = Release;
		};
		E13F284428AB93E900458551 /* Debug */ = {
			isa = XCBuildConfiguration;
			buildSettings = {
				ALWAYS_EMBED_SWIFT_STANDARD_LIBRARIES = YES;
				BUNDLE_LOADER = "$(TEST_HOST)";
				CODE_SIGN_STYLE = Automatic;
				CURRENT_PROJECT_VERSION = 1;
				DEVELOPMENT_TEAM = K7324G9NE6;
				GENERATE_INFOPLIST_FILE = YES;
				IPHONEOS_DEPLOYMENT_TARGET = 16.0;
				MACOSX_DEPLOYMENT_TARGET = 13.0;
				MARKETING_VERSION = 1.0;
				PRODUCT_BUNDLE_IDENTIFIER = com.quando.rmit.RouletteTests;
				PRODUCT_NAME = "$(TARGET_NAME)";
				SDKROOT = auto;
				SUPPORTED_PLATFORMS = "iphoneos iphonesimulator macosx";
				SWIFT_EMIT_LOC_STRINGS = NO;
				SWIFT_VERSION = 5.0;
				TARGETED_DEVICE_FAMILY = "1,2";
				TEST_HOST = "$(BUILT_PRODUCTS_DIR)/Roulette.app/$(BUNDLE_EXECUTABLE_FOLDER_PATH)/Roulette";
			};
			name = Debug;
		};
		E13F284528AB93E900458551 /* Release */ = {
			isa = XCBuildConfiguration;
			buildSettings = {
				ALWAYS_EMBED_SWIFT_STANDARD_LIBRARIES = YES;
				BUNDLE_LOADER = "$(TEST_HOST)";
				CODE_SIGN_STYLE = Automatic;
				CURRENT_PROJECT_VERSION = 1;
				DEVELOPMENT_TEAM = K7324G9NE6;
				GENERATE_INFOPLIST_FILE = YES;
				IPHONEOS_DEPLOYMENT_TARGET = 16.0;
				MACOSX_DEPLOYMENT_TARGET = 13.0;
				MARKETING_VERSION = 1.0;
				PRODUCT_BUNDLE_IDENTIFIER = com.quando.rmit.RouletteTests;
				PRODUCT_NAME = "$(TARGET_NAME)";
				SDKROOT = auto;
				SUPPORTED_PLATFORMS = "iphoneos iphonesimulator macosx";
				SWIFT_EMIT_LOC_STRINGS = NO;
				SWIFT_VERSION = 5.0;
				TARGETED_DEVICE_FAMILY = "1,2";
				TEST_HOST = "$(BUILT_PRODUCTS_DIR)/Roulette.app/$(BUNDLE_EXECUTABLE_FOLDER_PATH)/Roulette";
			};
			name = Release;
		};
		E13F284728AB93E900458551 /* Debug */ = {
			isa = XCBuildConfiguration;
			buildSettings = {
				ALWAYS_EMBED_SWIFT_STANDARD_LIBRARIES = YES;
				CODE_SIGN_STYLE = Automatic;
				CURRENT_PROJECT_VERSION = 1;
				DEVELOPMENT_TEAM = K7324G9NE6;
				GENERATE_INFOPLIST_FILE = YES;
				IPHONEOS_DEPLOYMENT_TARGET = 16.0;
				MACOSX_DEPLOYMENT_TARGET = 13.0;
				MARKETING_VERSION = 1.0;
				PRODUCT_BUNDLE_IDENTIFIER = com.quando.rmit.RouletteUITests;
				PRODUCT_NAME = "$(TARGET_NAME)";
				SDKROOT = auto;
				SUPPORTED_PLATFORMS = "iphoneos iphonesimulator macosx";
				SWIFT_EMIT_LOC_STRINGS = NO;
				SWIFT_VERSION = 5.0;
				TARGETED_DEVICE_FAMILY = "1,2";
				TEST_TARGET_NAME = Roulette;
			};
			name = Debug;
		};
		E13F284828AB93E900458551 /* Release */ = {
			isa = XCBuildConfiguration;
			buildSettings = {
				ALWAYS_EMBED_SWIFT_STANDARD_LIBRARIES = YES;
				CODE_SIGN_STYLE = Automatic;
				CURRENT_PROJECT_VERSION = 1;
				DEVELOPMENT_TEAM = K7324G9NE6;
				GENERATE_INFOPLIST_FILE = YES;
				IPHONEOS_DEPLOYMENT_TARGET = 16.0;
				MACOSX_DEPLOYMENT_TARGET = 13.0;
				MARKETING_VERSION = 1.0;
				PRODUCT_BUNDLE_IDENTIFIER = com.quando.rmit.RouletteUITests;
				PRODUCT_NAME = "$(TARGET_NAME)";
				SDKROOT = auto;
				SUPPORTED_PLATFORMS = "iphoneos iphonesimulator macosx";
				SWIFT_EMIT_LOC_STRINGS = NO;
				SWIFT_VERSION = 5.0;
				TARGETED_DEVICE_FAMILY = "1,2";
				TEST_TARGET_NAME = Roulette;
			};
			name = Release;
		};
/* End XCBuildConfiguration section */

/* Begin XCConfigurationList section */
		E13F281628AB93E800458551 /* Build configuration list for PBXProject "Roulette" */ = {
			isa = XCConfigurationList;
			buildConfigurations = (
				E13F283E28AB93E900458551 /* Debug */,
				E13F283F28AB93E900458551 /* Release */,
			);
			defaultConfigurationIsVisible = 0;
			defaultConfigurationName = Release;
		};
		E13F284028AB93E900458551 /* Build configuration list for PBXNativeTarget "Roulette" */ = {
			isa = XCConfigurationList;
			buildConfigurations = (
				E13F284128AB93E900458551 /* Debug */,
				E13F284228AB93E900458551 /* Release */,
			);
			defaultConfigurationIsVisible = 0;
			defaultConfigurationName = Release;
		};
		E13F284328AB93E900458551 /* Build configuration list for PBXNativeTarget "RouletteTests" */ = {
			isa = XCConfigurationList;
			buildConfigurations = (
				E13F284428AB93E900458551 /* Debug */,
				E13F284528AB93E900458551 /* Release */,
			);
			defaultConfigurationIsVisible = 0;
			defaultConfigurationName = Release;
		};
		E13F284628AB93E900458551 /* Build configuration list for PBXNativeTarget "RouletteUITests" */ = {
			isa = XCConfigurationList;
			buildConfigurations = (
				E13F284728AB93E900458551 /* Debug */,
				E13F284828AB93E900458551 /* Release */,
			);
			defaultConfigurationIsVisible = 0;
			defaultConfigurationName = Release;
		};
/* End XCConfigurationList section */
	};
	rootObject = E13F281328AB93E800458551 /* Project object */;
}
